
Microsoft Visual Studio Solution File, Format Version 12.00
# Visual Studio 14
VisualStudioVersion = 14.0.25420.1
MinimumVisualStudioVersion = 10.0.40219.1
Project("{FAE04EC0-301F-11D3-BF4B-00C04F79EFBC}") = "NGUI", "NGUI.csproj", "{DCBD4DB7-3BB5-46A3-ACAD-BE5835A7663D}"
EndProject
Project("{FAE04EC0-301F-11D3-BF4B-00C04F79EFBC}") = "Highlighting System", "Highlighting System.csproj", "{62D93677-8F82-4533-9523-5C07CBCD38E6}"
EndProject
Project("{2150E333-8FDC-42A3-9474-1A3956D46DE8}") = "Infrastructure", "Infrastructure", "{34EAD964-E201-400E-AD5E-D204A2DEF8C8}"
EndProject
Project("{2150E333-8FDC-42A3-9474-1A3956D46DE8}") = "Third Party", "Third Party", "{7D3712B0-8430-44BF-AE37-84E74F0666C9}"
EndProject
Project("{2150E333-8FDC-42A3-9474-1A3956D46DE8}") = "Core", "Core", "{56225308-71E2-47BB-9977-306F73AA10E0}"
EndProject
Project("{FAE04EC0-301F-11D3-BF4B-00C04F79EFBC}") = "Shader", "Assets\Shader\Shader.csproj", "{89AA39D1-B3F2-4186-86F5-EBEE38B767E8}"
EndProject
Project("{2150E333-8FDC-42A3-9474-1A3956D46DE8}") = "Common", "Common", "{29D47BA9-D93C-4A59-A5A1-5C4CF7F00889}"
EndProject
Project("{FAE04EC0-301F-11D3-BF4B-00C04F79EFBC}") = "Finite State Machine", "Assets\Script\Common\Finite State Machine\Finite State Machine.csproj", "{F52DE384-2851-47A5-83FE-8243E0914903}"
EndProject
Project("{FAE04EC0-301F-11D3-BF4B-00C04F79EFBC}") = "Object Pooling", "Assets\Script\Common\Object Pooling\Object Pooling.csproj", "{904B36F9-9F3E-43EF-A407-E05F8583370C}"
EndProject
Project("{FAE04EC0-301F-11D3-BF4B-00C04F79EFBC}") = "Shared", "Assets\Script\Common\Shared\Shared.csproj", "{134755E2-BC42-4C80-A499-44096184F038}"
EndProject
Project("{FAE04EC0-301F-11D3-BF4B-00C04F79EFBC}") = "Math", "Assets\Script\Common\Math\Math.csproj", "{E6E67038-75AC-4797-A55B-182EEE9C4C74}"
EndProject
Project("{FAE04EC0-301F-11D3-BF4B-00C04F79EFBC}") = "Trajectory", "Assets\Script\Core\Trajectory\Trajectory.csproj", "{897B92E9-B0F2-4235-8120-EB3B4BE1E264}"
EndProject
Project("{FAE04EC0-301F-11D3-BF4B-00C04F79EFBC}") = "Explosion", "Assets\Script\Core\Explosion\Explosion.csproj", "{C616985B-6381-449A-8B7C-DDF234BB6026}"
EndProject
Project("{FAE04EC0-301F-11D3-BF4B-00C04F79EFBC}") = "FX", "Assets\Script\Core\FX\FX.csproj", "{87FAE476-A495-40BA-8CB1-38C8C2E77391}"
EndProject
Project("{FAE04EC0-301F-11D3-BF4B-00C04F79EFBC}") = "Muzzle Flash", "Assets\Script\Core\Muzzle Flash\Muzzle Flash.csproj", "{2352C025-BAF9-4FB5-AA89-6237C9C1A5F6}"
EndProject
Project("{FAE04EC0-301F-11D3-BF4B-00C04F79EFBC}") = "Projectile", "Assets\Script\Core\Projectile\Projectile.csproj", "{BFBBCC14-8CA9-4318-A177-4DC413AD8A58}"
EndProject
Project("{FAE04EC0-301F-11D3-BF4B-00C04F79EFBC}") = "Combat", "Assets\Script\Core\Combat\Combat.csproj", "{F11A3BEA-3234-4642-B06A-C940CB735ABD}"
EndProject
Project("{FAE04EC0-301F-11D3-BF4B-00C04F79EFBC}") = "Module", "Assets\Script\Infrastructure\Module\Module.csproj", "{7A56D623-0C89-430A-80C4-6006C5016360}"
EndProject
Project("{FAE04EC0-301F-11D3-BF4B-00C04F79EFBC}") = "System", "Assets\Script\System\System.csproj", "{A609E9DA-6EEF-4856-8428-40F2CF41F332}"
EndProject
Project("{FAE04EC0-301F-11D3-BF4B-00C04F79EFBC}") = "Bootstraper", "Bootstraper.csproj", "{2FBB4328-7088-44D9-BB82-7C9C9261A73E}"
EndProject
Global
	GlobalSection(SolutionConfigurationPlatforms) = preSolution
		Debug|Any CPU = Debug|Any CPU
		Release|Any CPU = Release|Any CPU
	EndGlobalSection
	GlobalSection(ProjectConfigurationPlatforms) = postSolution
		{DCBD4DB7-3BB5-46A3-ACAD-BE5835A7663D}.Debug|Any CPU.ActiveCfg = Release|Any CPU
		{DCBD4DB7-3BB5-46A3-ACAD-BE5835A7663D}.Debug|Any CPU.Build.0 = Release|Any CPU
		{DCBD4DB7-3BB5-46A3-ACAD-BE5835A7663D}.Release|Any CPU.ActiveCfg = Release|Any CPU
		{DCBD4DB7-3BB5-46A3-ACAD-BE5835A7663D}.Release|Any CPU.Build.0 = Release|Any CPU
		{62D93677-8F82-4533-9523-5C07CBCD38E6}.Debug|Any CPU.ActiveCfg = Release|Any CPU
		{62D93677-8F82-4533-9523-5C07CBCD38E6}.Debug|Any CPU.Build.0 = Release|Any CPU
		{62D93677-8F82-4533-9523-5C07CBCD38E6}.Release|Any CPU.ActiveCfg = Release|Any CPU
		{62D93677-8F82-4533-9523-5C07CBCD38E6}.Release|Any CPU.Build.0 = Release|Any CPU
		{89AA39D1-B3F2-4186-86F5-EBEE38B767E8}.Debug|Any CPU.ActiveCfg = Release|Any CPU
		{89AA39D1-B3F2-4186-86F5-EBEE38B767E8}.Release|Any CPU.ActiveCfg = Release|Any CPU
		{F52DE384-2851-47A5-83FE-8243E0914903}.Debug|Any CPU.ActiveCfg = Release|Any CPU
		{F52DE384-2851-47A5-83FE-8243E0914903}.Debug|Any CPU.Build.0 = Release|Any CPU
		{F52DE384-2851-47A5-83FE-8243E0914903}.Release|Any CPU.ActiveCfg = Release|Any CPU
		{F52DE384-2851-47A5-83FE-8243E0914903}.Release|Any CPU.Build.0 = Release|Any CPU
		{904B36F9-9F3E-43EF-A407-E05F8583370C}.Debug|Any CPU.ActiveCfg = Release|Any CPU
		{904B36F9-9F3E-43EF-A407-E05F8583370C}.Debug|Any CPU.Build.0 = Release|Any CPU
		{904B36F9-9F3E-43EF-A407-E05F8583370C}.Release|Any CPU.ActiveCfg = Release|Any CPU
		{904B36F9-9F3E-43EF-A407-E05F8583370C}.Release|Any CPU.Build.0 = Release|Any CPU
		{134755E2-BC42-4C80-A499-44096184F038}.Debug|Any CPU.ActiveCfg = Release|Any CPU
		{134755E2-BC42-4C80-A499-44096184F038}.Debug|Any CPU.Build.0 = Release|Any CPU
		{134755E2-BC42-4C80-A499-44096184F038}.Release|Any CPU.ActiveCfg = Release|Any CPU
		{134755E2-BC42-4C80-A499-44096184F038}.Release|Any CPU.Build.0 = Release|Any CPU
		{E6E67038-75AC-4797-A55B-182EEE9C4C74}.Debug|Any CPU.ActiveCfg = Release|Any CPU
		{E6E67038-75AC-4797-A55B-182EEE9C4C74}.Debug|Any CPU.Build.0 = Release|Any CPU
		{E6E67038-75AC-4797-A55B-182EEE9C4C74}.Release|Any CPU.ActiveCfg = Release|Any CPU
		{E6E67038-75AC-4797-A55B-182EEE9C4C74}.Release|Any CPU.Build.0 = Release|Any CPU
		{897B92E9-B0F2-4235-8120-EB3B4BE1E264}.Debug|Any CPU.ActiveCfg = Release|Any CPU
		{897B92E9-B0F2-4235-8120-EB3B4BE1E264}.Debug|Any CPU.Build.0 = Release|Any CPU
		{897B92E9-B0F2-4235-8120-EB3B4BE1E264}.Release|Any CPU.ActiveCfg = Release|Any CPU
		{897B92E9-B0F2-4235-8120-EB3B4BE1E264}.Release|Any CPU.Build.0 = Release|Any CPU
		{C616985B-6381-449A-8B7C-DDF234BB6026}.Debug|Any CPU.ActiveCfg = Release|Any CPU
		{C616985B-6381-449A-8B7C-DDF234BB6026}.Debug|Any CPU.Build.0 = Release|Any CPU
		{C616985B-6381-449A-8B7C-DDF234BB6026}.Release|Any CPU.ActiveCfg = Release|Any CPU
		{C616985B-6381-449A-8B7C-DDF234BB6026}.Release|Any CPU.Build.0 = Release|Any CPU
		{87FAE476-A495-40BA-8CB1-38C8C2E77391}.Debug|Any CPU.ActiveCfg = Release|Any CPU
		{87FAE476-A495-40BA-8CB1-38C8C2E77391}.Debug|Any CPU.Build.0 = Release|Any CPU
		{87FAE476-A495-40BA-8CB1-38C8C2E77391}.Release|Any CPU.ActiveCfg = Release|Any CPU
		{87FAE476-A495-40BA-8CB1-38C8C2E77391}.Release|Any CPU.Build.0 = Release|Any CPU
		{2352C025-BAF9-4FB5-AA89-6237C9C1A5F6}.Debug|Any CPU.ActiveCfg = Release|Any CPU
		{2352C025-BAF9-4FB5-AA89-6237C9C1A5F6}.Debug|Any CPU.Build.0 = Release|Any CPU
		{2352C025-BAF9-4FB5-AA89-6237C9C1A5F6}.Release|Any CPU.ActiveCfg = Release|Any CPU
		{2352C025-BAF9-4FB5-AA89-6237C9C1A5F6}.Release|Any CPU.Build.0 = Release|Any CPU
		{BFBBCC14-8CA9-4318-A177-4DC413AD8A58}.Debug|Any CPU.ActiveCfg = Release|Any CPU
		{BFBBCC14-8CA9-4318-A177-4DC413AD8A58}.Debug|Any CPU.Build.0 = Release|Any CPU
		{BFBBCC14-8CA9-4318-A177-4DC413AD8A58}.Release|Any CPU.ActiveCfg = Release|Any CPU
		{BFBBCC14-8CA9-4318-A177-4DC413AD8A58}.Release|Any CPU.Build.0 = Release|Any CPU
		{F11A3BEA-3234-4642-B06A-C940CB735ABD}.Debug|Any CPU.ActiveCfg = Debug|Any CPU
		{F11A3BEA-3234-4642-B06A-C940CB735ABD}.Debug|Any CPU.Build.0 = Debug|Any CPU
		{F11A3BEA-3234-4642-B06A-C940CB735ABD}.Release|Any CPU.ActiveCfg = Release|Any CPU
		{F11A3BEA-3234-4642-B06A-C940CB735ABD}.Release|Any CPU.Build.0 = Release|Any CPU
		{7A56D623-0C89-430A-80C4-6006C5016360}.Debug|Any CPU.ActiveCfg = Debug|Any CPU
		{7A56D623-0C89-430A-80C4-6006C5016360}.Debug|Any CPU.Build.0 = Debug|Any CPU
		{7A56D623-0C89-430A-80C4-6006C5016360}.Release|Any CPU.ActiveCfg = Release|Any CPU
		{7A56D623-0C89-430A-80C4-6006C5016360}.Release|Any CPU.Build.0 = Release|Any CPU
		{A609E9DA-6EEF-4856-8428-40F2CF41F332}.Debug|Any CPU.ActiveCfg = Debug|Any CPU
		{A609E9DA-6EEF-4856-8428-40F2CF41F332}.Debug|Any CPU.Build.0 = Debug|Any CPU
		{A609E9DA-6EEF-4856-8428-40F2CF41F332}.Release|Any CPU.ActiveCfg = Release|Any CPU
		{A609E9DA-6EEF-4856-8428-40F2CF41F332}.Release|Any CPU.Build.0 = Release|Any CPU
		{2FBB4328-7088-44D9-BB82-7C9C9261A73E}.Debug|Any CPU.ActiveCfg = Debug|Any CPU
		{2FBB4328-7088-44D9-BB82-7C9C9261A73E}.Debug|Any CPU.Build.0 = Debug|Any CPU
		{2FBB4328-7088-44D9-BB82-7C9C9261A73E}.Release|Any CPU.ActiveCfg = Release|Any CPU
		{2FBB4328-7088-44D9-BB82-7C9C9261A73E}.Release|Any CPU.Build.0 = Release|Any CPU
	EndGlobalSection
	GlobalSection(SolutionProperties) = preSolution
		HideSolutionNode = FALSE
	EndGlobalSection
	GlobalSection(NestedProjects) = preSolution
		{DCBD4DB7-3BB5-46A3-ACAD-BE5835A7663D} = {7D3712B0-8430-44BF-AE37-84E74F0666C9}
		{62D93677-8F82-4533-9523-5C07CBCD38E6} = {7D3712B0-8430-44BF-AE37-84E74F0666C9}
		{89AA39D1-B3F2-4186-86F5-EBEE38B767E8} = {29D47BA9-D93C-4A59-A5A1-5C4CF7F00889}
		{F52DE384-2851-47A5-83FE-8243E0914903} = {29D47BA9-D93C-4A59-A5A1-5C4CF7F00889}
		{904B36F9-9F3E-43EF-A407-E05F8583370C} = {29D47BA9-D93C-4A59-A5A1-5C4CF7F00889}
		{134755E2-BC42-4C80-A499-44096184F038} = {29D47BA9-D93C-4A59-A5A1-5C4CF7F00889}
		{E6E67038-75AC-4797-A55B-182EEE9C4C74} = {29D47BA9-D93C-4A59-A5A1-5C4CF7F00889}
		{897B92E9-B0F2-4235-8120-EB3B4BE1E264} = {56225308-71E2-47BB-9977-306F73AA10E0}
		{C616985B-6381-449A-8B7C-DDF234BB6026} = {56225308-71E2-47BB-9977-306F73AA10E0}
		{87FAE476-A495-40BA-8CB1-38C8C2E77391} = {56225308-71E2-47BB-9977-306F73AA10E0}
		{2352C025-BAF9-4FB5-AA89-6237C9C1A5F6} = {56225308-71E2-47BB-9977-306F73AA10E0}
		{BFBBCC14-8CA9-4318-A177-4DC413AD8A58} = {56225308-71E2-47BB-9977-306F73AA10E0}
		{F11A3BEA-3234-4642-B06A-C940CB735ABD} = {56225308-71E2-47BB-9977-306F73AA10E0}
		{7A56D623-0C89-430A-80C4-6006C5016360} = {34EAD964-E201-400E-AD5E-D204A2DEF8C8}
	EndGlobalSection
EndGlobal
